
Microsoft Visual Studio Solution File, Format Version 12.00
# Visual Studio Version 17
VisualStudioVersion = 17.4.33213.308
MinimumVisualStudioVersion = 10.0.40219.1
Project("{9A19103F-16F7-4668-BE54-9A1E7A4F7556}") = "ApiMagic", "ApiMagic.csproj", "{86CC1639-2269-46FB-AA99-93CD97519286}"
EndProject
Project("{9A19103F-16F7-4668-BE54-9A1E7A4F7556}") = "BusinessLogic", "..\BusinessLogic\BusinessLogic.csproj", "{5DC19EEF-A9BD-4C16-ABC0-14CDBB665C64}"
EndProject
Project("{9A19103F-16F7-4668-BE54-9A1E7A4F7556}") = "DataAccess", "..\DataAccess\DataAccess.csproj", "{E02FB29D-2E03-4BC0-AD31-9D8B96FDC60C}"
EndProject
Global
	GlobalSection(SolutionConfigurationPlatforms) = preSolution
		Debug|Any CPU = Debug|Any CPU
		Release|Any CPU = Release|Any CPU
	EndGlobalSection
	GlobalSection(ProjectConfigurationPlatforms) = postSolution
		{86CC1639-2269-46FB-AA99-93CD97519286}.Debug|Any CPU.ActiveCfg = Debug|Any CPU
		{86CC1639-2269-46FB-AA99-93CD97519286}.Debug|Any CPU.Build.0 = Debug|Any CPU
		{86CC1639-2269-46FB-AA99-93CD97519286}.Release|Any CPU.ActiveCfg = Release|Any CPU
		{86CC1639-2269-46FB-AA99-93CD97519286}.Release|Any CPU.Build.0 = Release|Any CPU
		{5DC19EEF-A9BD-4C16-ABC0-14CDBB665C64}.Debug|Any CPU.ActiveCfg = Debug|Any CPU
		{5DC19EEF-A9BD-4C16-ABC0-14CDBB665C64}.Debug|Any CPU.Build.0 = Debug|Any CPU
		{5DC19EEF-A9BD-4C16-ABC0-14CDBB665C64}.Release|Any CPU.ActiveCfg = Release|Any CPU
		{5DC19EEF-A9BD-4C16-ABC0-14CDBB665C64}.Release|Any CPU.Build.0 = Release|Any CPU
		{E02FB29D-2E03-4BC0-AD31-9D8B96FDC60C}.Debug|Any CPU.ActiveCfg = Debug|Any CPU
		{E02FB29D-2E03-4BC0-AD31-9D8B96FDC60C}.Debug|Any CPU.Build.0 = Debug|Any CPU
		{E02FB29D-2E03-4BC0-AD31-9D8B96FDC60C}.Release|Any CPU.ActiveCfg = Release|Any CPU
		{E02FB29D-2E03-4BC0-AD31-9D8B96FDC60C}.Release|Any CPU.Build.0 = Release|Any CPU
	EndGlobalSection
	GlobalSection(SolutionProperties) = preSolution
		HideSolutionNode = FALSE
	EndGlobalSection
	GlobalSection(ExtensibilityGlobals) = postSolution
		SolutionGuid = {0121FC37-041A-4C3F-B4F4-B4BDF45CDEB0}
	EndGlobalSection
EndGlobal
